
Microsoft Visual Studio Solution File, Format Version 12.00
# Visual Studio Version 16
VisualStudioVersion = 16.0.31624.102
MinimumVisualStudioVersion = 10.0.40219.1
Project("{FAE04EC0-301F-11D3-BF4B-00C04F79EFBC}") = "MapEditor", "MapEditor\MapEditor.csproj", "{0F19D880-7936-414A-8FF4-F11E7FAF1E38}"
EndProject
Project("{FAE04EC0-301F-11D3-BF4B-00C04F79EFBC}") = "AgeOfEmpires", "AgeOfEmpires\AgeOfEmpires.csproj", "{A5E38E03-DDB9-4E94-AA1A-3F57F9C20284}"
EndProject
Global
	GlobalSection(SolutionConfigurationPlatforms) = preSolution
		Debug|Any CPU = Debug|Any CPU
		Release|Any CPU = Release|Any CPU
	EndGlobalSection
	GlobalSection(ProjectConfigurationPlatforms) = postSolution
		{0F19D880-7936-414A-8FF4-F11E7FAF1E38}.Debug|Any CPU.ActiveCfg = Debug|Any CPU
		{0F19D880-7936-414A-8FF4-F11E7FAF1E38}.Debug|Any CPU.Build.0 = Debug|Any CPU
		{0F19D880-7936-414A-8FF4-F11E7FAF1E38}.Release|Any CPU.ActiveCfg = Release|Any CPU
		{0F19D880-7936-414A-8FF4-F11E7FAF1E38}.Release|Any CPU.Build.0 = Release|Any CPU
		{A5E38E03-DDB9-4E94-AA1A-3F57F9C20284}.Debug|Any CPU.ActiveCfg = Debug|Any CPU
		{A5E38E03-DDB9-4E94-AA1A-3F57F9C20284}.Debug|Any CPU.Build.0 = Debug|Any CPU
		{A5E38E03-DDB9-4E94-AA1A-3F57F9C20284}.Release|Any CPU.ActiveCfg = Release|Any CPU
		{A5E38E03-DDB9-4E94-AA1A-3F57F9C20284}.Release|Any CPU.Build.0 = Release|Any CPU
	EndGlobalSection
	GlobalSection(SolutionProperties) = preSolution
		HideSolutionNode = FALSE
	EndGlobalSection
	GlobalSection(ExtensibilityGlobals) = postSolution
		SolutionGuid = {62B680FF-83A6-4730-88E0-68712DC614A8}
	EndGlobalSection
EndGlobal
